// !$*UTF8*$!
{
	archiveVersion = 1;
	classes = {
	};
	objectVersion = 56;
	objects = {

/* Begin PBXBuildFile section */
		C2726D102B769F8100051626 /* AppDelegate.swift in Sources */ = {isa = PBXBuildFile; fileRef = C2726D0F2B769F8100051626 /* AppDelegate.swift */; };
		C2726D122B769F8100051626 /* SceneDelegate.swift in Sources */ = {isa = PBXBuildFile; fileRef = C2726D112B769F8100051626 /* SceneDelegate.swift */; };
		C2726D142B769F8100051626 /* ViewController.swift in Sources */ = {isa = PBXBuildFile; fileRef = C2726D132B769F8100051626 /* ViewController.swift */; };
		C2726D172B769F8100051626 /* Main.storyboard in Resources */ = {isa = PBXBuildFile; fileRef = C2726D152B769F8100051626 /* Main.storyboard */; };
		C2726D192B769F8300051626 /* Assets.xcassets in Resources */ = {isa = PBXBuildFile; fileRef = C2726D182B769F8300051626 /* Assets.xcassets */; };
		C2726D1C2B769F8300051626 /* LaunchScreen.storyboard in Resources */ = {isa = PBXBuildFile; fileRef = C2726D1A2B769F8300051626 /* LaunchScreen.storyboard */; };
		C2726D272B769F8300051626 /* makeTwetTests.swift in Sources */ = {isa = PBXBuildFile; fileRef = C2726D262B769F8300051626 /* makeTwetTests.swift */; };
		C2726D312B769F8300051626 /* makeTwetUITests.swift in Sources */ = {isa = PBXBuildFile; fileRef = C2726D302B769F8300051626 /* makeTwetUITests.swift */; };
		C2726D332B769F8300051626 /* makeTwetUITestsLaunchTests.swift in Sources */ = {isa = PBXBuildFile; fileRef = C2726D322B769F8300051626 /* makeTwetUITestsLaunchTests.swift */; };
/* End PBXBuildFile section */

/* Begin PBXContainerItemProxy section */
		C2726D232B769F8300051626 /* PBXContainerItemProxy */ = {
			isa = PBXContainerItemProxy;
			containerPortal = C2726D042B769F8100051626 /* Project object */;
			proxyType = 1;
			remoteGlobalIDString = C2726D0B2B769F8100051626;
			remoteInfo = makeTwet;
		};
		C2726D2D2B769F8300051626 /* PBXContainerItemProxy */ = {
			isa = PBXContainerItemProxy;
			containerPortal = C2726D042B769F8100051626 /* Project object */;
			proxyType = 1;
			remoteGlobalIDString = C2726D0B2B769F8100051626;
			remoteInfo = makeTwet;
		};
/* End PBXContainerItemProxy section */

/* Begin PBXFileReference section */
		C2726D0C2B769F8100051626 /* makeTwet.app */ = {isa = PBXFileReference; explicitFileType = wrapper.application; includeInIndex = 0; path = makeTwet.app; sourceTree = BUILT_PRODUCTS_DIR; };
		C2726D0F2B769F8100051626 /* AppDelegate.swift */ = {isa = PBXFileReference; lastKnownFileType = sourcecode.swift; path = AppDelegate.swift; sourceTree = "<group>"; };
		C2726D112B769F8100051626 /* SceneDelegate.swift */ = {isa = PBXFileReference; lastKnownFileType = sourcecode.swift; path = SceneDelegate.swift; sourceTree = "<group>"; };
		C2726D132B769F8100051626 /* ViewController.swift */ = {isa = PBXFileReference; lastKnownFileType = sourcecode.swift; path = ViewController.swift; sourceTree = "<group>"; };
		C2726D162B769F8100051626 /* Base */ = {isa = PBXFileReference; lastKnownFileType = file.storyboard; name = Base; path = Base.lproj/Main.storyboard; sourceTree = "<group>"; };
		C2726D182B769F8300051626 /* Assets.xcassets */ = {isa = PBXFileReference; lastKnownFileType = folder.assetcatalog; path = Assets.xcassets; sourceTree = "<group>"; };
		C2726D1B2B769F8300051626 /* Base */ = {isa = PBXFileReference; lastKnownFileType = file.storyboard; name = Base; path = Base.lproj/LaunchScreen.storyboard; sourceTree = "<group>"; };
		C2726D1D2B769F8300051626 /* Info.plist */ = {isa = PBXFileReference; lastKnownFileType = text.plist.xml; path = Info.plist; sourceTree = "<group>"; };
		C2726D222B769F8300051626 /* makeTwetTests.xctest */ = {isa = PBXFileReference; explicitFileType = wrapper.cfbundle; includeInIndex = 0; path = makeTwetTests.xctest; sourceTree = BUILT_PRODUCTS_DIR; };
		C2726D262B769F8300051626 /* makeTwetTests.swift */ = {isa = PBXFileReference; lastKnownFileType = sourcecode.swift; path = makeTwetTests.swift; sourceTree = "<group>"; };
		C2726D2C2B769F8300051626 /* makeTwetUITests.xctest */ = {isa = PBXFileReference; explicitFileType = wrapper.cfbundle; includeInIndex = 0; path = makeTwetUITests.xctest; sourceTree = BUILT_PRODUCTS_DIR; };
		C2726D302B769F8300051626 /* makeTwetUITests.swift */ = {isa = PBXFileReference; lastKnownFileType = sourcecode.swift; path = makeTwetUITests.swift; sourceTree = "<group>"; };
		C2726D322B769F8300051626 /* makeTwetUITestsLaunchTests.swift */ = {isa = PBXFileReference; lastKnownFileType = sourcecode.swift; path = makeTwetUITestsLaunchTests.swift; sourceTree = "<group>"; };
/* End PBXFileReference section */

/* Begin PBXFrameworksBuildPhase section */
		C2726D092B769F8100051626 /* Frameworks */ = {
			isa = PBXFrameworksBuildPhase;
			buildActionMask = 2147483647;
			files = (
			);
			runOnlyForDeploymentPostprocessing = 0;
		};
		C2726D1F2B769F8300051626 /* Frameworks */ = {
			isa = PBXFrameworksBuildPhase;
			buildActionMask = 2147483647;
			files = (
			);
			runOnlyForDeploymentPostprocessing = 0;
		};
		C2726D292B769F8300051626 /* Frameworks */ = {
			isa = PBXFrameworksBuildPhase;
			buildActionMask = 2147483647;
			files = (
			);
			runOnlyForDeploymentPostprocessing = 0;
		};
/* End PBXFrameworksBuildPhase section */

/* Begin PBXGroup section */
		C2726D032B769F8100051626 = {
			isa = PBXGroup;
			children = (
				C2726D0E2B769F8100051626 /* makeTwet */,
				C2726D252B769F8300051626 /* makeTwetTests */,
				C2726D2F2B769F8300051626 /* makeTwetUITests */,
				C2726D0D2B769F8100051626 /* Products */,
			);
			sourceTree = "<group>";
		};
		C2726D0D2B769F8100051626 /* Products */ = {
			isa = PBXGroup;
			children = (
				C2726D0C2B769F8100051626 /* makeTwet.app */,
				C2726D222B769F8300051626 /* makeTwetTests.xctest */,
				C2726D2C2B769F8300051626 /* makeTwetUITests.xctest */,
			);
			name = Products;
			sourceTree = "<group>";
		};
		C2726D0E2B769F8100051626 /* makeTwet */ = {
			isa = PBXGroup;
			children = (
				C2726D0F2B769F8100051626 /* AppDelegate.swift */,
				C2726D112B769F8100051626 /* SceneDelegate.swift */,
				C2726D132B769F8100051626 /* ViewController.swift */,
				C2726D152B769F8100051626 /* Main.storyboard */,
				C2726D182B769F8300051626 /* Assets.xcassets */,
				C2726D1A2B769F8300051626 /* LaunchScreen.storyboard */,
				C2726D1D2B769F8300051626 /* Info.plist */,
			);
			path = makeTwet;
			sourceTree = "<group>";
		};
		C2726D252B769F8300051626 /* makeTwetTests */ = {
			isa = PBXGroup;
			children = (
				C2726D262B769F8300051626 /* makeTwetTests.swift */,
			);
			path = makeTwetTests;
			sourceTree = "<group>";
		};
		C2726D2F2B769F8300051626 /* makeTwetUITests */ = {
			isa = PBXGroup;
			children = (
				C2726D302B769F8300051626 /* makeTwetUITests.swift */,
				C2726D322B769F8300051626 /* makeTwetUITestsLaunchTests.swift */,
			);
			path = makeTwetUITests;
			sourceTree = "<group>";
		};
/* End PBXGroup section */

/* Begin PBXNativeTarget section */
		C2726D0B2B769F8100051626 /* makeTwet */ = {
			isa = PBXNativeTarget;
			buildConfigurationList = C2726D362B769F8300051626 /* Build configuration list for PBXNativeTarget "makeTwet" */;
			buildPhases = (
				C2726D082B769F8100051626 /* Sources */,
				C2726D092B769F8100051626 /* Frameworks */,
				C2726D0A2B769F8100051626 /* Resources */,
			);
			buildRules = (
			);
			dependencies = (
			);
			name = makeTwet;
			productName = makeTwet;
			productReference = C2726D0C2B769F8100051626 /* makeTwet.app */;
			productType = "com.apple.product-type.application";
		};
		C2726D212B769F8300051626 /* makeTwetTests */ = {
			isa = PBXNativeTarget;
			buildConfigurationList = C2726D392B769F8300051626 /* Build configuration list for PBXNativeTarget "makeTwetTests" */;
			buildPhases = (
				C2726D1E2B769F8300051626 /* Sources */,
				C2726D1F2B769F8300051626 /* Frameworks */,
				C2726D202B769F8300051626 /* Resources */,
			);
			buildRules = (
			);
			dependencies = (
				C2726D242B769F8300051626 /* PBXTargetDependency */,
			);
			name = makeTwetTests;
			productName = makeTwetTests;
			productReference = C2726D222B769F8300051626 /* makeTwetTests.xctest */;
			productType = "com.apple.product-type.bundle.unit-test";
		};
		C2726D2B2B769F8300051626 /* makeTwetUITests */ = {
			isa = PBXNativeTarget;
			buildConfigurationList = C2726D3C2B769F8300051626 /* Build configuration list for PBXNativeTarget "makeTwetUITests" */;
			buildPhases = (
				C2726D282B769F8300051626 /* Sources */,
				C2726D292B769F8300051626 /* Frameworks */,
				C2726D2A2B769F8300051626 /* Resources */,
			);
			buildRules = (
			);
			dependencies = (
				C2726D2E2B769F8300051626 /* PBXTargetDependency */,
			);
			name = makeTwetUITests;
			productName = makeTwetUITests;
			productReference = C2726D2C2B769F8300051626 /* makeTwetUITests.xctest */;
			productType = "com.apple.product-type.bundle.ui-testing";
		};
/* End PBXNativeTarget section */

/* Begin PBXProject section */
		C2726D042B769F8100051626 /* Project object */ = {
			isa = PBXProject;
			attributes = {
				BuildIndependentTargetsInParallel = 1;
				LastSwiftUpdateCheck = 1520;
				LastUpgradeCheck = 1520;
				TargetAttributes = {
					C2726D0B2B769F8100051626 = {
						CreatedOnToolsVersion = 15.2;
					};
					C2726D212B769F8300051626 = {
						CreatedOnToolsVersion = 15.2;
						TestTargetID = C2726D0B2B769F8100051626;
					};
					C2726D2B2B769F8300051626 = {
						CreatedOnToolsVersion = 15.2;
						TestTargetID = C2726D0B2B769F8100051626;
					};
				};
			};
			buildConfigurationList = C2726D072B769F8100051626 /* Build configuration list for PBXProject "makeTwet" */;
			compatibilityVersion = "Xcode 14.0";
			developmentRegion = en;
			hasScannedForEncodings = 0;
			knownRegions = (
				en,
				Base,
			);
			mainGroup = C2726D032B769F8100051626;
			productRefGroup = C2726D0D2B769F8100051626 /* Products */;
			projectDirPath = "";
			projectRoot = "";
			targets = (
				C2726D0B2B769F8100051626 /* makeTwet */,
				C2726D212B769F8300051626 /* makeTwetTests */,
				C2726D2B2B769F8300051626 /* makeTwetUITests */,
			);
		};
/* End PBXProject section */

/* Begin PBXResourcesBuildPhase section */
		C2726D0A2B769F8100051626 /* Resources */ = {
			isa = PBXResourcesBuildPhase;
			buildActionMask = 2147483647;
			files = (
				C2726D1C2B769F8300051626 /* LaunchScreen.storyboard in Resources */,
				C2726D192B769F8300051626 /* Assets.xcassets in Resources */,
				C2726D172B769F8100051626 /* Main.storyboard in Resources */,
			);
			runOnlyForDeploymentPostprocessing = 0;
		};
		C2726D202B769F8300051626 /* Resources */ = {
			isa = PBXResourcesBuildPhase;
			buildActionMask = 2147483647;
			files = (
			);
			runOnlyForDeploymentPostprocessing = 0;
		};
		C2726D2A2B769F8300051626 /* Resources */ = {
			isa = PBXResourcesBuildPhase;
			buildActionMask = 2147483647;
			files = (
			);
			runOnlyForDeploymentPostprocessing = 0;
		};
/* End PBXResourcesBuildPhase section */

/* Begin PBXSourcesBuildPhase section */
		C2726D082B769F8100051626 /* Sources */ = {
			isa = PBXSourcesBuildPhase;
			buildActionMask = 2147483647;
			files = (
				C2726D142B769F8100051626 /* ViewController.swift in Sources */,
				C2726D102B769F8100051626 /* AppDelegate.swift in Sources */,
				C2726D122B769F8100051626 /* SceneDelegate.swift in Sources */,
			);
			runOnlyForDeploymentPostprocessing = 0;
		};
		C2726D1E2B769F8300051626 /* Sources */ = {
			isa = PBXSourcesBuildPhase;
			buildActionMask = 2147483647;
			files = (
				C2726D272B769F8300051626 /* makeTwetTests.swift in Sources */,
			);
			runOnlyForDeploymentPostprocessing = 0;
		};
		C2726D282B769F8300051626 /* Sources */ = {
			isa = PBXSourcesBuildPhase;
			buildActionMask = 2147483647;
			files = (
				C2726D332B769F8300051626 /* makeTwetUITestsLaunchTests.swift in Sources */,
				C2726D312B769F8300051626 /* makeTwetUITests.swift in Sources */,
			);
			runOnlyForDeploymentPostprocessing = 0;
		};
/* End PBXSourcesBuildPhase section */

/* Begin PBXTargetDependency section */
		C2726D242B769F8300051626 /* PBXTargetDependency */ = {
			isa = PBXTargetDependency;
			target = C2726D0B2B769F8100051626 /* makeTwet */;
			targetProxy = C2726D232B769F8300051626 /* PBXContainerItemProxy */;
		};
		C2726D2E2B769F8300051626 /* PBXTargetDependency */ = {
			isa = PBXTargetDependency;
			target = C2726D0B2B769F8100051626 /* makeTwet */;
			targetProxy = C2726D2D2B769F8300051626 /* PBXContainerItemProxy */;
		};
/* End PBXTargetDependency section */

/* Begin PBXVariantGroup section */
		C2726D152B769F8100051626 /* Main.storyboard */ = {
			isa = PBXVariantGroup;
			children = (
				C2726D162B769F8100051626 /* Base */,
			);
			name = Main.storyboard;
			sourceTree = "<group>";
		};
		C2726D1A2B769F8300051626 /* LaunchScreen.storyboard */ = {
			isa = PBXVariantGroup;
			children = (
				C2726D1B2B769F8300051626 /* Base */,
			);
			name = LaunchScreen.storyboard;
			sourceTree = "<group>";
		};
/* End PBXVariantGroup section */

/* Begin XCBuildConfiguration section */
		C2726D342B769F8300051626 /* Debug */ = {
			isa = XCBuildConfiguration;
			buildSettings = {
				ALWAYS_SEARCH_USER_PATHS = NO;
				ASSETCATALOG_COMPILER_GENERATE_SWIFT_ASSET_SYMBOL_EXTENSIONS = YES;
				CLANG_ANALYZER_NONNULL = YES;
				CLANG_ANALYZER_NUMBER_OBJECT_CONVERSION = YES_AGGRESSIVE;
				CLANG_CXX_LANGUAGE_STANDARD = "gnu++20";
				CLANG_ENABLE_MODULES = YES;
				CLANG_ENABLE_OBJC_ARC = YES;
				CLANG_ENABLE_OBJC_WEAK = YES;
				CLANG_WARN_BLOCK_CAPTURE_AUTORELEASING = YES;
				CLANG_WARN_BOOL_CONVERSION = YES;
				CLANG_WARN_COMMA = YES;
				CLANG_WARN_CONSTANT_CONVERSION = YES;
				CLANG_WARN_DEPRECATED_OBJC_IMPLEMENTATIONS = YES;
				CLANG_WARN_DIRECT_OBJC_ISA_USAGE = YES_ERROR;
				CLANG_WARN_DOCUMENTATION_COMMENTS = YES;
				CLANG_WARN_EMPTY_BODY = YES;
				CLANG_WARN_ENUM_CONVERSION = YES;
				CLANG_WARN_INFINITE_RECURSION = YES;
				CLANG_WARN_INT_CONVERSION = YES;
				CLANG_WARN_NON_LITERAL_NULL_CONVERSION = YES;
				CLANG_WARN_OBJC_IMPLICIT_RETAIN_SELF = YES;
				CLANG_WARN_OBJC_LITERAL_CONVERSION = YES;
				CLANG_WARN_OBJC_ROOT_CLASS = YES_ERROR;
				CLANG_WARN_QUOTED_INCLUDE_IN_FRAMEWORK_HEADER = YES;
				CLANG_WARN_RANGE_LOOP_ANALYSIS = YES;
				CLANG_WARN_STRICT_PROTOTYPES = YES;
				CLANG_WARN_SUSPICIOUS_MOVE = YES;
				CLANG_WARN_UNGUARDED_AVAILABILITY = YES_AGGRESSIVE;
				CLANG_WARN_UNREACHABLE_CODE = YES;
				CLANG_WARN__DUPLICATE_METHOD_MATCH = YES;
				COPY_PHASE_STRIP = NO;
				DEBUG_INFORMATION_FORMAT = dwarf;
				ENABLE_STRICT_OBJC_MSGSEND = YES;
				ENABLE_TESTABILITY = YES;
				ENABLE_USER_SCRIPT_SANDBOXING = YES;
				GCC_C_LANGUAGE_STANDARD = gnu17;
				GCC_DYNAMIC_NO_PIC = NO;
				GCC_NO_COMMON_BLOCKS = YES;
				GCC_OPTIMIZATION_LEVEL = 0;
				GCC_PREPROCESSOR_DEFINITIONS = (
					"DEBUG=1",
					"$(inherited)",
				);
				GCC_WARN_64_TO_32_BIT_CONVERSION = YES;
				GCC_WARN_ABOUT_RETURN_TYPE = YES_ERROR;
				GCC_WARN_UNDECLARED_SELECTOR = YES;
				GCC_WARN_UNINITIALIZED_AUTOS = YES_AGGRESSIVE;
				GCC_WARN_UNUSED_FUNCTION = YES;
				GCC_WARN_UNUSED_VARIABLE = YES;
				IPHONEOS_DEPLOYMENT_TARGET = 17.2;
				LOCALIZATION_PREFERS_STRING_CATALOGS = YES;
				MTL_ENABLE_DEBUG_INFO = INCLUDE_SOURCE;
				MTL_FAST_MATH = YES;
				ONLY_ACTIVE_ARCH = YES;
				SDKROOT = iphoneos;
				SWIFT_ACTIVE_COMPILATION_CONDITIONS = "DEBUG $(inherited)";
				SWIFT_OPTIMIZATION_LEVEL = "-Onone";
			};
			name = Debug;
		};
		C2726D352B769F8300051626 /* Release */ = {
			isa = XCBuildConfiguration;
			buildSettings = {
				ALWAYS_SEARCH_USER_PATHS = NO;
				ASSETCATALOG_COMPILER_GENERATE_SWIFT_ASSET_SYMBOL_EXTENSIONS = YES;
				CLANG_ANALYZER_NONNULL = YES;
				CLANG_ANALYZER_NUMBER_OBJECT_CONVERSION = YES_AGGRESSIVE;
				CLANG_CXX_LANGUAGE_STANDARD = "gnu++20";
				CLANG_ENABLE_MODULES = YES;
				CLANG_ENABLE_OBJC_ARC = YES;
				CLANG_ENABLE_OBJC_WEAK = YES;
				CLANG_WARN_BLOCK_CAPTURE_AUTORELEASING = YES;
				CLANG_WARN_BOOL_CONVERSION = YES;
				CLANG_WARN_COMMA = YES;
				CLANG_WARN_CONSTANT_CONVERSION = YES;
				CLANG_WARN_DEPRECATED_OBJC_IMPLEMENTATIONS = YES;
				CLANG_WARN_DIRECT_OBJC_ISA_USAGE = YES_ERROR;
				CLANG_WARN_DOCUMENTATION_COMMENTS = YES;
				CLANG_WARN_EMPTY_BODY = YES;
				CLANG_WARN_ENUM_CONVERSION = YES;
				CLANG_WARN_INFINITE_RECURSION = YES;
				CLANG_WARN_INT_CONVERSION = YES;
				CLANG_WARN_NON_LITERAL_NULL_CONVERSION = YES;
				CLANG_WARN_OBJC_IMPLICIT_RETAIN_SELF = YES;
				CLANG_WARN_OBJC_LITERAL_CONVERSION = YES;
				CLANG_WARN_OBJC_ROOT_CLASS = YES_ERROR;
				CLANG_WARN_QUOTED_INCLUDE_IN_FRAMEWORK_HEADER = YES;
				CLANG_WARN_RANGE_LOOP_ANALYSIS = YES;
				CLANG_WARN_STRICT_PROTOTYPES = YES;
				CLANG_WARN_SUSPICIOUS_MOVE = YES;
				CLANG_WARN_UNGUARDED_AVAILABILITY = YES_AGGRESSIVE;
				CLANG_WARN_UNREACHABLE_CODE = YES;
				CLANG_WARN__DUPLICATE_METHOD_MATCH = YES;
				COPY_PHASE_STRIP = NO;
				DEBUG_INFORMATION_FORMAT = "dwarf-with-dsym";
				ENABLE_NS_ASSERTIONS = NO;
				ENABLE_STRICT_OBJC_MSGSEND = YES;
				ENABLE_USER_SCRIPT_SANDBOXING = YES;
				GCC_C_LANGUAGE_STANDARD = gnu17;
				GCC_NO_COMMON_BLOCKS = YES;
				GCC_WARN_64_TO_32_BIT_CONVERSION = YES;
				GCC_WARN_ABOUT_RETURN_TYPE = YES_ERROR;
				GCC_WARN_UNDECLARED_SELECTOR = YES;
				GCC_WARN_UNINITIALIZED_AUTOS = YES_AGGRESSIVE;
				GCC_WARN_UNUSED_FUNCTION = YES;
				GCC_WARN_UNUSED_VARIABLE = YES;
				IPHONEOS_DEPLOYMENT_TARGET = 17.2;
				LOCALIZATION_PREFERS_STRING_CATALOGS = YES;
				MTL_ENABLE_DEBUG_INFO = NO;
				MTL_FAST_MATH = YES;
				SDKROOT = iphoneos;
				SWIFT_COMPILATION_MODE = wholemodule;
				VALIDATE_PRODUCT = YES;
			};
			name = Release;
		};
		C2726D372B769F8300051626 /* Debug */ = {
			isa = XCBuildConfiguration;
			buildSettings = {
				ASSETCATALOG_COMPILER_APPICON_NAME = AppIcon;
				ASSETCATALOG_COMPILER_GLOBAL_ACCENT_COLOR_NAME = AccentColor;
				CODE_SIGN_STYLE = Automatic;
				CURRENT_PROJECT_VERSION = 1;
				DEVELOPMENT_TEAM = 26NJUS4K63;
				GENERATE_INFOPLIST_FILE = YES;
				INFOPLIST_FILE = makeTwet/Info.plist;
				INFOPLIST_KEY_UIApplicationSupportsIndirectInputEvents = YES;
				INFOPLIST_KEY_UILaunchStoryboardName = LaunchScreen;
				INFOPLIST_KEY_UIMainStoryboardFile = Main;
				INFOPLIST_KEY_UISupportedInterfaceOrientations_iPad = "UIInterfaceOrientationPortrait UIInterfaceOrientationPortraitUpsideDown UIInterfaceOrientationLandscapeLeft UIInterfaceOrientationLandscapeRight";
				INFOPLIST_KEY_UISupportedInterfaceOrientations_iPhone = "UIInterfaceOrientationPortrait UIInterfaceOrientationLandscapeLeft UIInterfaceOrientationLandscapeRight";
				LD_RUNPATH_SEARCH_PATHS = (
					"$(inherited)",
					"@executable_path/Frameworks",
				);
				MARKETING_VERSION = 1.0;
				PRODUCT_BUNDLE_IDENTIFIER = prueba2.makeTwet;
				PRODUCT_NAME = "$(TARGET_NAME)";
				SWIFT_EMIT_LOC_STRINGS = YES;
				SWIFT_VERSION = 5.0;
				TARGETED_DEVICE_FAMILY = "1,2";
			};
			name = Debug;
		};
		C2726D382B769F8300051626 /* Release */ = {
			isa = XCBuildConfiguration;
			buildSettings = {
				ASSETCATALOG_COMPILER_APPICON_NAME = AppIcon;
				ASSETCATALOG_COMPILER_GLOBAL_ACCENT_COLOR_NAME = AccentColor;
				CODE_SIGN_STYLE = Automatic;
				CURRENT_PROJECT_VERSION = 1;
				DEVELOPMENT_TEAM = 26NJUS4K63;
				GENERATE_INFOPLIST_FILE = YES;
				INFOPLIST_FILE = makeTwet/Info.plist;
				INFOPLIST_KEY_UIApplicationSupportsIndirectInputEvents = YES;
				INFOPLIST_KEY_UILaunchStoryboardName = LaunchScreen;
				INFOPLIST_KEY_UIMainStoryboardFile = Main;
				INFOPLIST_KEY_UISupportedInterfaceOrientations_iPad = "UIInterfaceOrientationPortrait UIInterfaceOrientationPortraitUpsideDown UIInterfaceOrientationLandscapeLeft UIInterfaceOrientationLandscapeRight";
				INFOPLIST_KEY_UISupportedInterfaceOrientations_iPhone = "UIInterfaceOrientationPortrait UIInterfaceOrientationLandscapeLeft UIInterfaceOrientationLandscapeRight";
				LD_RUNPATH_SEARCH_PATHS = (
					"$(inherited)",
					"@executable_path/Frameworks",
				);
				MARKETING_VERSION = 1.0;
				PRODUCT_BUNDLE_IDENTIFIER = prueba2.makeTwet;
				PRODUCT_NAME = "$(TARGET_NAME)";
				SWIFT_EMIT_LOC_STRINGS = YES;
				SWIFT_VERSION = 5.0;
				TARGETED_DEVICE_FAMILY = "1,2";
			};
			name = Release;
		};
		C2726D3A2B769F8300051626 /* Debug */ = {
			isa = XCBuildConfiguration;
			buildSettings = {
				ALWAYS_EMBED_SWIFT_STANDARD_LIBRARIES = YES;
				BUNDLE_LOADER = "$(TEST_HOST)";
				CODE_SIGN_STYLE = Automatic;
				CURRENT_PROJECT_VERSION = 1;
				DEVELOPMENT_TEAM = 26NJUS4K63;
				GENERATE_INFOPLIST_FILE = YES;
				IPHONEOS_DEPLOYMENT_TARGET = 17.2;
				MARKETING_VERSION = 1.0;
				PRODUCT_BUNDLE_IDENTIFIER = prueba2.makeTwetTests;
				PRODUCT_NAME = "$(TARGET_NAME)";
				SWIFT_EMIT_LOC_STRINGS = NO;
				SWIFT_VERSION = 5.0;
				TARGETED_DEVICE_FAMILY = "1,2";
				TEST_HOST = "$(BUILT_PRODUCTS_DIR)/makeTwet.app/$(BUNDLE_EXECUTABLE_FOLDER_PATH)/makeTwet";
			};
			name = Debug;
		};
		C2726D3B2B769F8300051626 /* Release */ = {
			isa = XCBuildConfiguration;
			buildSettings = {
				ALWAYS_EMBED_SWIFT_STANDARD_LIBRARIES = YES;
				BUNDLE_LOADER = "$(TEST_HOST)";
				CODE_SIGN_STYLE = Automatic;
				CURRENT_PROJECT_VERSION = 1;
				DEVELOPMENT_TEAM = 26NJUS4K63;
				GENERATE_INFOPLIST_FILE = YES;
				IPHONEOS_DEPLOYMENT_TARGET = 17.2;
				MARKETING_VERSION = 1.0;
				PRODUCT_BUNDLE_IDENTIFIER = prueba2.makeTwetTests;
				PRODUCT_NAME = "$(TARGET_NAME)";
				SWIFT_EMIT_LOC_STRINGS = NO;
				SWIFT_VERSION = 5.0;
				TARGETED_DEVICE_FAMILY = "1,2";
				TEST_HOST = "$(BUILT_PRODUCTS_DIR)/makeTwet.app/$(BUNDLE_EXECUTABLE_FOLDER_PATH)/makeTwet";
			};
			name = Release;
		};
		C2726D3D2B769F8300051626 /* Debug */ = {
			isa = XCBuildConfiguration;
			buildSettings = {
				ALWAYS_EMBED_SWIFT_STANDARD_LIBRARIES = YES;
				CODE_SIGN_STYLE = Automatic;
				CURRENT_PROJECT_VERSION = 1;
				DEVELOPMENT_TEAM = 26NJUS4K63;
				GENERATE_INFOPLIST_FILE = YES;
				MARKETING_VERSION = 1.0;
				PRODUCT_BUNDLE_IDENTIFIER = prueba2.makeTwetUITests;
				PRODUCT_NAME = "$(TARGET_NAME)";
				SWIFT_EMIT_LOC_STRINGS = NO;
				SWIFT_VERSION = 5.0;
				TARGETED_DEVICE_FAMILY = "1,2";
				TEST_TARGET_NAME = makeTwet;
			};
			name = Debug;
		};
		C2726D3E2B769F8300051626 /* Release */ = {
			isa = XCBuildConfiguration;
			buildSettings = {
				ALWAYS_EMBED_SWIFT_STANDARD_LIBRARIES = YES;
				CODE_SIGN_STYLE = Automatic;
				CURRENT_PROJECT_VERSION = 1;
				DEVELOPMENT_TEAM = 26NJUS4K63;
				GENERATE_INFOPLIST_FILE = YES;
				MARKETING_VERSION = 1.0;
				PRODUCT_BUNDLE_IDENTIFIER = prueba2.makeTwetUITests;
				PRODUCT_NAME = "$(TARGET_NAME)";
				SWIFT_EMIT_LOC_STRINGS = NO;
				SWIFT_VERSION = 5.0;
				TARGETED_DEVICE_FAMILY = "1,2";
				TEST_TARGET_NAME = makeTwet;
			};
			name = Release;
		};
/* End XCBuildConfiguration section */

/* Begin XCConfigurationList section */
		C2726D072B769F8100051626 /* Build configuration list for PBXProject "makeTwet" */ = {
			isa = XCConfigurationList;
			buildConfigurations = (
				C2726D342B769F8300051626 /* Debug */,
				C2726D352B769F8300051626 /* Release */,
			);
			defaultConfigurationIsVisible = 0;
			defaultConfigurationName = Release;
		};
		C2726D362B769F8300051626 /* Build configuration list for PBXNativeTarget "makeTwet" */ = {
			isa = XCConfigurationList;
			buildConfigurations = (
				C2726D372B769F8300051626 /* Debug */,
				C2726D382B769F8300051626 /* Release */,
			);
			defaultConfigurationIsVisible = 0;
			defaultConfigurationName = Release;
		};
		C2726D392B769F8300051626 /* Build configuration list for PBXNativeTarget "makeTwetTests" */ = {
			isa = XCConfigurationList;
			buildConfigurations = (
				C2726D3A2B769F8300051626 /* Debug */,
				C2726D3B2B769F8300051626 /* Release */,
			);
			defaultConfigurationIsVisible = 0;
			defaultConfigurationName = Release;
		};
		C2726D3C2B769F8300051626 /* Build configuration list for PBXNativeTarget "makeTwetUITests" */ = {
			isa = XCConfigurationList;
			buildConfigurations = (
				C2726D3D2B769F8300051626 /* Debug */,
				C2726D3E2B769F8300051626 /* Release */,
			);
			defaultConfigurationIsVisible = 0;
			defaultConfigurationName = Release;
		};
/* End XCConfigurationList section */
	};
	rootObject = C2726D042B769F8100051626 /* Project object */;
}
