// !$*UTF8*$!
{
	archiveVersion = 1;
	classes = {
	};
	objectVersion = 56;
	objects = {

/* Begin PBXBuildFile section */
		C2726D102B769F8100051626 /* AppDelegate.swift in Sources */ = {isa = PBXBuildFile; fileRef = C2726D0F2B769F8100051626 /* AppDelegate.swift */; };
		C2726D122B769F8100051626 /* SceneDelegate.swift in Sources */ = {isa = PBXBuildFile; fileRef = C2726D112B769F8100051626 /* SceneDelegate.swift */; };
		C2726D142B769F8100051626 /* ViewController.swift in Sources */ = {isa = PBXBuildFile; fileRef = C2726D132B769F8100051626 /* ViewController.swift */; };
		C2726D172B769F8100051626 /* Main.storyboard in Resources */ = {isa = PBXBuildFile; fileRef = C2726D152B769F8100051626 /* Main.storyboard */; };
		C2726D192B769F8300051626 /* Assets.xcassets in Resources */ = {isa = PBXBuildFile; fileRef = C2726D182B769F8300051626 /* Assets.xcassets */; };
		C2726D1C2B769F8300051626 /* LaunchScreen.storyboard in Resources */ = {isa = PBXBuildFile; fileRef = C2726D1A2B769F8300051626 /* LaunchScreen.storyboard */; };
		C2726D272B769F8300051626 /* makeTwetTests.swift in Sources */ = {isa = PBXBuildFile; fileRef = C2726D262B769F8300051626 /* makeTwetTests.swift */; };
		C2726D312B769F8300051626 /* makeTwetUITests.swift in Sources */ = {isa = PBXBuildFile; fileRef = C2726D302B769F8300051626 /* makeTwetUITests.swift */; };
		C2726D332B769F8300051626 /* makeTwetUITestsLaunchTests.swift in Sources */ = {isa = PBXBuildFile; fileRef = C2726D322B769F8300051626 /* makeTwetUITestsLaunchTests.swift */; };
		C2726D422B76AA1100051626 /* LoginViewController.swift in Sources */ = {isa = PBXBuildFile; fileRef = C2726D412B76AA1100051626 /* LoginViewController.swift */; };
		C2726D442B76AA2900051626 /* RegisterViewController.swift in Sources */ = {isa = PBXBuildFile; fileRef = C2726D432B76AA2900051626 /* RegisterViewController.swift */; };
		C2726D4A2B76B51000051626 /* NotificationBannerSwift in Frameworks */ = {isa = PBXBuildFile; productRef = C2726D492B76B51000051626 /* NotificationBannerSwift */; };
		C2726D4D2B76BB1F00051626 /* Home.storyboard in Resources */ = {isa = PBXBuildFile; fileRef = C2726D4C2B76BB1F00051626 /* Home.storyboard */; };
		C2A3215C2B76C81800AC80C4 /* ApiPostManager.swift in Sources */ = {isa = PBXBuildFile; fileRef = C2A3215B2B76C81800AC80C4 /* ApiPostManager.swift */; };
		C2A3215F2B76C88900AC80C4 /* Alamofire in Frameworks */ = {isa = PBXBuildFile; productRef = C2A3215E2B76C88900AC80C4 /* Alamofire */; };
		C2A321612B76CEA800AC80C4 /* AllPostData.swift in Sources */ = {isa = PBXBuildFile; fileRef = C2A321602B76CEA800AC80C4 /* AllPostData.swift */; };
		C2A321632B76CF7C00AC80C4 /* PostData.swift in Sources */ = {isa = PBXBuildFile; fileRef = C2A321622B76CF7C00AC80C4 /* PostData.swift */; };
		C2A321662B76DAC800AC80C4 /* EndPoins.swift in Sources */ = {isa = PBXBuildFile; fileRef = C2A321652B76DAC800AC80C4 /* EndPoins.swift */; };
		C2A321692B76DD5700AC80C4 /* AuthUserModel.swift in Sources */ = {isa = PBXBuildFile; fileRef = C2A321682B76DD5700AC80C4 /* AuthUserModel.swift */; };
		C2A3216C2B76DDC100AC80C4 /* Simple-Networking in Frameworks */ = {isa = PBXBuildFile; productRef = C2A3216B2B76DDC100AC80C4 /* Simple-Networking */; };
		C2A3216F2B76E0B800AC80C4 /* SVProgressHUD in Frameworks */ = {isa = PBXBuildFile; productRef = C2A3216E2B76E0B800AC80C4 /* SVProgressHUD */; };
		C2A321712B76E82800AC80C4 /* NewUserRequest.swift in Sources */ = {isa = PBXBuildFile; fileRef = C2A321702B76E82800AC80C4 /* NewUserRequest.swift */; };
		C2A321742B76FB6A00AC80C4 /* HomeViewController.swift in Sources */ = {isa = PBXBuildFile; fileRef = C2A321732B76FB6A00AC80C4 /* HomeViewController.swift */; };
		C2A321782B76FD5700AC80C4 /* TweetTableViewCell.swift in Sources */ = {isa = PBXBuildFile; fileRef = C2A321762B76FD5700AC80C4 /* TweetTableViewCell.swift */; };
		C2A321792B76FD5700AC80C4 /* TweetTableViewCell.xib in Resources */ = {isa = PBXBuildFile; fileRef = C2A321772B76FD5700AC80C4 /* TweetTableViewCell.xib */; };
		C2A3217C2B78512A00AC80C4 /* Kingfisher in Frameworks */ = {isa = PBXBuildFile; productRef = C2A3217B2B78512A00AC80C4 /* Kingfisher */; };
		C2A3217E2B7872EB00AC80C4 /* NewPostViewController.swift in Sources */ = {isa = PBXBuildFile; fileRef = C2A3217D2B7872EB00AC80C4 /* NewPostViewController.swift */; };
/* End PBXBuildFile section */

/* Begin PBXContainerItemProxy section */
		C2726D232B769F8300051626 /* PBXContainerItemProxy */ = {
			isa = PBXContainerItemProxy;
			containerPortal = C2726D042B769F8100051626 /* Project object */;
			proxyType = 1;
			remoteGlobalIDString = C2726D0B2B769F8100051626;
			remoteInfo = makeTwet;
		};
		C2726D2D2B769F8300051626 /* PBXContainerItemProxy */ = {
			isa = PBXContainerItemProxy;
			containerPortal = C2726D042B769F8100051626 /* Project object */;
			proxyType = 1;
			remoteGlobalIDString = C2726D0B2B769F8100051626;
			remoteInfo = makeTwet;
		};
/* End PBXContainerItemProxy section */

/* Begin PBXFileReference section */
		C2726D0C2B769F8100051626 /* makeTwet.app */ = {isa = PBXFileReference; explicitFileType = wrapper.application; includeInIndex = 0; path = makeTwet.app; sourceTree = BUILT_PRODUCTS_DIR; };
		C2726D0F2B769F8100051626 /* AppDelegate.swift */ = {isa = PBXFileReference; lastKnownFileType = sourcecode.swift; path = AppDelegate.swift; sourceTree = "<group>"; };
		C2726D112B769F8100051626 /* SceneDelegate.swift */ = {isa = PBXFileReference; lastKnownFileType = sourcecode.swift; path = SceneDelegate.swift; sourceTree = "<group>"; };
		C2726D132B769F8100051626 /* ViewController.swift */ = {isa = PBXFileReference; lastKnownFileType = sourcecode.swift; path = ViewController.swift; sourceTree = "<group>"; };
		C2726D162B769F8100051626 /* Base */ = {isa = PBXFileReference; lastKnownFileType = file.storyboard; name = Base; path = Base.lproj/Main.storyboard; sourceTree = "<group>"; };
		C2726D182B769F8300051626 /* Assets.xcassets */ = {isa = PBXFileReference; lastKnownFileType = folder.assetcatalog; path = Assets.xcassets; sourceTree = "<group>"; };
		C2726D1B2B769F8300051626 /* Base */ = {isa = PBXFileReference; lastKnownFileType = file.storyboard; name = Base; path = Base.lproj/LaunchScreen.storyboard; sourceTree = "<group>"; };
		C2726D1D2B769F8300051626 /* Info.plist */ = {isa = PBXFileReference; lastKnownFileType = text.plist.xml; path = Info.plist; sourceTree = "<group>"; };
		C2726D222B769F8300051626 /* makeTwetTests.xctest */ = {isa = PBXFileReference; explicitFileType = wrapper.cfbundle; includeInIndex = 0; path = makeTwetTests.xctest; sourceTree = BUILT_PRODUCTS_DIR; };
		C2726D262B769F8300051626 /* makeTwetTests.swift */ = {isa = PBXFileReference; lastKnownFileType = sourcecode.swift; path = makeTwetTests.swift; sourceTree = "<group>"; };
		C2726D2C2B769F8300051626 /* makeTwetUITests.xctest */ = {isa = PBXFileReference; explicitFileType = wrapper.cfbundle; includeInIndex = 0; path = makeTwetUITests.xctest; sourceTree = BUILT_PRODUCTS_DIR; };
		C2726D302B769F8300051626 /* makeTwetUITests.swift */ = {isa = PBXFileReference; lastKnownFileType = sourcecode.swift; path = makeTwetUITests.swift; sourceTree = "<group>"; };
		C2726D322B769F8300051626 /* makeTwetUITestsLaunchTests.swift */ = {isa = PBXFileReference; lastKnownFileType = sourcecode.swift; path = makeTwetUITestsLaunchTests.swift; sourceTree = "<group>"; };
		C2726D412B76AA1100051626 /* LoginViewController.swift */ = {isa = PBXFileReference; lastKnownFileType = sourcecode.swift; path = LoginViewController.swift; sourceTree = "<group>"; };
		C2726D432B76AA2900051626 /* RegisterViewController.swift */ = {isa = PBXFileReference; lastKnownFileType = sourcecode.swift; path = RegisterViewController.swift; sourceTree = "<group>"; };
		C2726D4C2B76BB1F00051626 /* Home.storyboard */ = {isa = PBXFileReference; lastKnownFileType = file.storyboard; path = Home.storyboard; sourceTree = "<group>"; };
		C2A3215B2B76C81800AC80C4 /* ApiPostManager.swift */ = {isa = PBXFileReference; lastKnownFileType = sourcecode.swift; path = ApiPostManager.swift; sourceTree = "<group>"; };
		C2A321602B76CEA800AC80C4 /* AllPostData.swift */ = {isa = PBXFileReference; lastKnownFileType = sourcecode.swift; path = AllPostData.swift; sourceTree = "<group>"; };
		C2A321622B76CF7C00AC80C4 /* PostData.swift */ = {isa = PBXFileReference; lastKnownFileType = sourcecode.swift; path = PostData.swift; sourceTree = "<group>"; };
		C2A321652B76DAC800AC80C4 /* EndPoins.swift */ = {isa = PBXFileReference; lastKnownFileType = sourcecode.swift; path = EndPoins.swift; sourceTree = "<group>"; };
		C2A321682B76DD5700AC80C4 /* AuthUserModel.swift */ = {isa = PBXFileReference; lastKnownFileType = sourcecode.swift; path = AuthUserModel.swift; sourceTree = "<group>"; };
		C2A321702B76E82800AC80C4 /* NewUserRequest.swift */ = {isa = PBXFileReference; lastKnownFileType = sourcecode.swift; path = NewUserRequest.swift; sourceTree = "<group>"; };
		C2A321732B76FB6A00AC80C4 /* HomeViewController.swift */ = {isa = PBXFileReference; lastKnownFileType = sourcecode.swift; path = HomeViewController.swift; sourceTree = "<group>"; };
		C2A321762B76FD5700AC80C4 /* TweetTableViewCell.swift */ = {isa = PBXFileReference; lastKnownFileType = sourcecode.swift; path = TweetTableViewCell.swift; sourceTree = "<group>"; };
		C2A321772B76FD5700AC80C4 /* TweetTableViewCell.xib */ = {isa = PBXFileReference; lastKnownFileType = file.xib; path = TweetTableViewCell.xib; sourceTree = "<group>"; };
		C2A3217D2B7872EB00AC80C4 /* NewPostViewController.swift */ = {isa = PBXFileReference; lastKnownFileType = sourcecode.swift; path = NewPostViewController.swift; sourceTree = "<group>"; };
/* End PBXFileReference section */

/* Begin PBXFrameworksBuildPhase section */
		C2726D092B769F8100051626 /* Frameworks */ = {
			isa = PBXFrameworksBuildPhase;
			buildActionMask = 2147483647;
			files = (
				C2A3216F2B76E0B800AC80C4 /* SVProgressHUD in Frameworks */,
				C2726D4A2B76B51000051626 /* NotificationBannerSwift in Frameworks */,
				C2A3216C2B76DDC100AC80C4 /* Simple-Networking in Frameworks */,
				C2A3215F2B76C88900AC80C4 /* Alamofire in Frameworks */,
				C2A3217C2B78512A00AC80C4 /* Kingfisher in Frameworks */,
			);
			runOnlyForDeploymentPostprocessing = 0;
		};
		C2726D1F2B769F8300051626 /* Frameworks */ = {
			isa = PBXFrameworksBuildPhase;
			buildActionMask = 2147483647;
			files = (
			);
			runOnlyForDeploymentPostprocessing = 0;
		};
		C2726D292B769F8300051626 /* Frameworks */ = {
			isa = PBXFrameworksBuildPhase;
			buildActionMask = 2147483647;
			files = (
			);
			runOnlyForDeploymentPostprocessing = 0;
		};
/* End PBXFrameworksBuildPhase section */

/* Begin PBXGroup section */
		C2726D032B769F8100051626 = {
			isa = PBXGroup;
			children = (
				C2726D0E2B769F8100051626 /* makeTwet */,
				C2726D252B769F8300051626 /* makeTwetTests */,
				C2726D2F2B769F8300051626 /* makeTwetUITests */,
				C2726D0D2B769F8100051626 /* Products */,
			);
			sourceTree = "<group>";
		};
		C2726D0D2B769F8100051626 /* Products */ = {
			isa = PBXGroup;
			children = (
				C2726D0C2B769F8100051626 /* makeTwet.app */,
				C2726D222B769F8300051626 /* makeTwetTests.xctest */,
				C2726D2C2B769F8300051626 /* makeTwetUITests.xctest */,
			);
			name = Products;
			sourceTree = "<group>";
		};
		C2726D0E2B769F8100051626 /* makeTwet */ = {
			isa = PBXGroup;
			children = (
				C2A321642B76DAA800AC80C4 /* Commons */,
				C2726D0F2B769F8100051626 /* AppDelegate.swift */,
				C2726D112B769F8100051626 /* SceneDelegate.swift */,
				C2726D3F2B76A10100051626 /* Modules */,
				C2726D182B769F8300051626 /* Assets.xcassets */,
				C2726D1A2B769F8300051626 /* LaunchScreen.storyboard */,
				C2726D1D2B769F8300051626 /* Info.plist */,
			);
			path = makeTwet;
			sourceTree = "<group>";
		};
		C2726D252B769F8300051626 /* makeTwetTests */ = {
			isa = PBXGroup;
			children = (
				C2726D262B769F8300051626 /* makeTwetTests.swift */,
			);
			path = makeTwetTests;
			sourceTree = "<group>";
		};
		C2726D2F2B769F8300051626 /* makeTwetUITests */ = {
			isa = PBXGroup;
			children = (
				C2726D302B769F8300051626 /* makeTwetUITests.swift */,
				C2726D322B769F8300051626 /* makeTwetUITestsLaunchTests.swift */,
			);
			path = makeTwetUITests;
			sourceTree = "<group>";
		};
		C2726D3F2B76A10100051626 /* Modules */ = {
			isa = PBXGroup;
			children = (
				C2A321672B76DCF100AC80C4 /* Controler */,
				C2A3215A2B76C7E200AC80C4 /* Model */,
				C2A321592B76C7CA00AC80C4 /* ViewGroup */,
			);
			path = Modules;
			sourceTree = "<group>";
		};
		C2726D402B76A14200051626 /* Welcomen */ = {
			isa = PBXGroup;
			children = (
				C2726D132B769F8100051626 /* ViewController.swift */,
				C2726D152B769F8100051626 /* Main.storyboard */,
				C2726D412B76AA1100051626 /* LoginViewController.swift */,
				C2726D432B76AA2900051626 /* RegisterViewController.swift */,
			);
			path = Welcomen;
			sourceTree = "<group>";
		};
		C2726D4B2B76BAFE00051626 /* Home */ = {
			isa = PBXGroup;
			children = (
				C2A321752B76FC8000AC80C4 /* CellViews */,
				C2726D4C2B76BB1F00051626 /* Home.storyboard */,
				C2A3217D2B7872EB00AC80C4 /* NewPostViewController.swift */,
				C2A321732B76FB6A00AC80C4 /* HomeViewController.swift */,
			);
			path = Home;
			sourceTree = "<group>";
		};
		C2A321592B76C7CA00AC80C4 /* ViewGroup */ = {
			isa = PBXGroup;
			children = (
				C2726D4B2B76BAFE00051626 /* Home */,
				C2726D402B76A14200051626 /* Welcomen */,
			);
			path = ViewGroup;
			sourceTree = "<group>";
		};
		C2A3215A2B76C7E200AC80C4 /* Model */ = {
			isa = PBXGroup;
			children = (
				C2A321602B76CEA800AC80C4 /* AllPostData.swift */,
				C2A321622B76CF7C00AC80C4 /* PostData.swift */,
				C2A321682B76DD5700AC80C4 /* AuthUserModel.swift */,
				C2A321702B76E82800AC80C4 /* NewUserRequest.swift */,
			);
			path = Model;
			sourceTree = "<group>";
		};
		C2A321642B76DAA800AC80C4 /* Commons */ = {
			isa = PBXGroup;
			children = (
				C2A321652B76DAC800AC80C4 /* EndPoins.swift */,
			);
			path = Commons;
			sourceTree = "<group>";
		};
		C2A321672B76DCF100AC80C4 /* Controler */ = {
			isa = PBXGroup;
			children = (
				C2A3215B2B76C81800AC80C4 /* ApiPostManager.swift */,
			);
			path = Controler;
			sourceTree = "<group>";
		};
		C2A321752B76FC8000AC80C4 /* CellViews */ = {
			isa = PBXGroup;
			children = (
				C2A321762B76FD5700AC80C4 /* TweetTableViewCell.swift */,
				C2A321772B76FD5700AC80C4 /* TweetTableViewCell.xib */,
			);
			path = CellViews;
			sourceTree = "<group>";
		};
/* End PBXGroup section */

/* Begin PBXNativeTarget section */
		C2726D0B2B769F8100051626 /* makeTwet */ = {
			isa = PBXNativeTarget;
			buildConfigurationList = C2726D362B769F8300051626 /* Build configuration list for PBXNativeTarget "makeTwet" */;
			buildPhases = (
				C2726D082B769F8100051626 /* Sources */,
				C2726D092B769F8100051626 /* Frameworks */,
				C2726D0A2B769F8100051626 /* Resources */,
			);
			buildRules = (
			);
			dependencies = (
			);
			name = makeTwet;
			packageProductDependencies = (
				C2726D492B76B51000051626 /* NotificationBannerSwift */,
				C2A3215E2B76C88900AC80C4 /* Alamofire */,
				C2A3216B2B76DDC100AC80C4 /* Simple-Networking */,
				C2A3216E2B76E0B800AC80C4 /* SVProgressHUD */,
				C2A3217B2B78512A00AC80C4 /* Kingfisher */,
			);
			productName = makeTwet;
			productReference = C2726D0C2B769F8100051626 /* makeTwet.app */;
			productType = "com.apple.product-type.application";
		};
		C2726D212B769F8300051626 /* makeTwetTests */ = {
			isa = PBXNativeTarget;
			buildConfigurationList = C2726D392B769F8300051626 /* Build configuration list for PBXNativeTarget "makeTwetTests" */;
			buildPhases = (
				C2726D1E2B769F8300051626 /* Sources */,
				C2726D1F2B769F8300051626 /* Frameworks */,
				C2726D202B769F8300051626 /* Resources */,
			);
			buildRules = (
			);
			dependencies = (
				C2726D242B769F8300051626 /* PBXTargetDependency */,
			);
			name = makeTwetTests;
			productName = makeTwetTests;
			productReference = C2726D222B769F8300051626 /* makeTwetTests.xctest */;
			productType = "com.apple.product-type.bundle.unit-test";
		};
		C2726D2B2B769F8300051626 /* makeTwetUITests */ = {
			isa = PBXNativeTarget;
			buildConfigurationList = C2726D3C2B769F8300051626 /* Build configuration list for PBXNativeTarget "makeTwetUITests" */;
			buildPhases = (
				C2726D282B769F8300051626 /* Sources */,
				C2726D292B769F8300051626 /* Frameworks */,
				C2726D2A2B769F8300051626 /* Resources */,
			);
			buildRules = (
			);
			dependencies = (
				C2726D2E2B769F8300051626 /* PBXTargetDependency */,
			);
			name = makeTwetUITests;
			productName = makeTwetUITests;
			productReference = C2726D2C2B769F8300051626 /* makeTwetUITests.xctest */;
			productType = "com.apple.product-type.bundle.ui-testing";
		};
/* End PBXNativeTarget section */

/* Begin PBXProject section */
		C2726D042B769F8100051626 /* Project object */ = {
			isa = PBXProject;
			attributes = {
				BuildIndependentTargetsInParallel = 1;
				LastSwiftUpdateCheck = 1520;
				LastUpgradeCheck = 1520;
				TargetAttributes = {
					C2726D0B2B769F8100051626 = {
						CreatedOnToolsVersion = 15.2;
					};
					C2726D212B769F8300051626 = {
						CreatedOnToolsVersion = 15.2;
						TestTargetID = C2726D0B2B769F8100051626;
					};
					C2726D2B2B769F8300051626 = {
						CreatedOnToolsVersion = 15.2;
						TestTargetID = C2726D0B2B769F8100051626;
					};
				};
			};
			buildConfigurationList = C2726D072B769F8100051626 /* Build configuration list for PBXProject "makeTwet" */;
			compatibilityVersion = "Xcode 14.0";
			developmentRegion = en;
			hasScannedForEncodings = 0;
			knownRegions = (
				en,
				Base,
			);
			mainGroup = C2726D032B769F8100051626;
			packageReferences = (
				C2726D482B76B51000051626 /* XCRemoteSwiftPackageReference "NotificationBanner" */,
				C2A3215D2B76C88900AC80C4 /* XCRemoteSwiftPackageReference "Alamofire" */,
				C2A3216A2B76DDC100AC80C4 /* XCRemoteSwiftPackageReference "simple-networking" */,
				C2A3216D2B76E0B800AC80C4 /* XCRemoteSwiftPackageReference "SVProgressHUD" */,
				C2A3217A2B78512A00AC80C4 /* XCRemoteSwiftPackageReference "Kingfisher" */,
			);
			productRefGroup = C2726D0D2B769F8100051626 /* Products */;
			projectDirPath = "";
			projectRoot = "";
			targets = (
				C2726D0B2B769F8100051626 /* makeTwet */,
				C2726D212B769F8300051626 /* makeTwetTests */,
				C2726D2B2B769F8300051626 /* makeTwetUITests */,
			);
		};
/* End PBXProject section */

/* Begin PBXResourcesBuildPhase section */
		C2726D0A2B769F8100051626 /* Resources */ = {
			isa = PBXResourcesBuildPhase;
			buildActionMask = 2147483647;
			files = (
				C2A321792B76FD5700AC80C4 /* TweetTableViewCell.xib in Resources */,
				C2726D1C2B769F8300051626 /* LaunchScreen.storyboard in Resources */,
				C2726D192B769F8300051626 /* Assets.xcassets in Resources */,
				C2726D172B769F8100051626 /* Main.storyboard in Resources */,
				C2726D4D2B76BB1F00051626 /* Home.storyboard in Resources */,
			);
			runOnlyForDeploymentPostprocessing = 0;
		};
		C2726D202B769F8300051626 /* Resources */ = {
			isa = PBXResourcesBuildPhase;
			buildActionMask = 2147483647;
			files = (
			);
			runOnlyForDeploymentPostprocessing = 0;
		};
		C2726D2A2B769F8300051626 /* Resources */ = {
			isa = PBXResourcesBuildPhase;
			buildActionMask = 2147483647;
			files = (
			);
			runOnlyForDeploymentPostprocessing = 0;
		};
/* End PBXResourcesBuildPhase section */

/* Begin PBXSourcesBuildPhase section */
		C2726D082B769F8100051626 /* Sources */ = {
			isa = PBXSourcesBuildPhase;
			buildActionMask = 2147483647;
			files = (
				C2726D422B76AA1100051626 /* LoginViewController.swift in Sources */,
				C2A321632B76CF7C00AC80C4 /* PostData.swift in Sources */,
				C2A321692B76DD5700AC80C4 /* AuthUserModel.swift in Sources */,
				C2A3217E2B7872EB00AC80C4 /* NewPostViewController.swift in Sources */,
				C2A321712B76E82800AC80C4 /* NewUserRequest.swift in Sources */,
				C2726D442B76AA2900051626 /* RegisterViewController.swift in Sources */,
				C2A321662B76DAC800AC80C4 /* EndPoins.swift in Sources */,
				C2726D142B769F8100051626 /* ViewController.swift in Sources */,
				C2A321782B76FD5700AC80C4 /* TweetTableViewCell.swift in Sources */,
				C2726D102B769F8100051626 /* AppDelegate.swift in Sources */,
				C2A3215C2B76C81800AC80C4 /* ApiPostManager.swift in Sources */,
				C2726D122B769F8100051626 /* SceneDelegate.swift in Sources */,
				C2A321612B76CEA800AC80C4 /* AllPostData.swift in Sources */,
				C2A321742B76FB6A00AC80C4 /* HomeViewController.swift in Sources */,
			);
			runOnlyForDeploymentPostprocessing = 0;
		};
		C2726D1E2B769F8300051626 /* Sources */ = {
			isa = PBXSourcesBuildPhase;
			buildActionMask = 2147483647;
			files = (
				C2726D272B769F8300051626 /* makeTwetTests.swift in Sources */,
			);
			runOnlyForDeploymentPostprocessing = 0;
		};
		C2726D282B769F8300051626 /* Sources */ = {
			isa = PBXSourcesBuildPhase;
			buildActionMask = 2147483647;
			files = (
				C2726D332B769F8300051626 /* makeTwetUITestsLaunchTests.swift in Sources */,
				C2726D312B769F8300051626 /* makeTwetUITests.swift in Sources */,
			);
			runOnlyForDeploymentPostprocessing = 0;
		};
/* End PBXSourcesBuildPhase section */

/* Begin PBXTargetDependency section */
		C2726D242B769F8300051626 /* PBXTargetDependency */ = {
			isa = PBXTargetDependency;
			target = C2726D0B2B769F8100051626 /* makeTwet */;
			targetProxy = C2726D232B769F8300051626 /* PBXContainerItemProxy */;
		};
		C2726D2E2B769F8300051626 /* PBXTargetDependency */ = {
			isa = PBXTargetDependency;
			target = C2726D0B2B769F8100051626 /* makeTwet */;
			targetProxy = C2726D2D2B769F8300051626 /* PBXContainerItemProxy */;
		};
/* End PBXTargetDependency section */

/* Begin PBXVariantGroup section */
		C2726D152B769F8100051626 /* Main.storyboard */ = {
			isa = PBXVariantGroup;
			children = (
				C2726D162B769F8100051626 /* Base */,
			);
			name = Main.storyboard;
			sourceTree = "<group>";
		};
		C2726D1A2B769F8300051626 /* LaunchScreen.storyboard */ = {
			isa = PBXVariantGroup;
			children = (
				C2726D1B2B769F8300051626 /* Base */,
			);
			name = LaunchScreen.storyboard;
			sourceTree = "<group>";
		};
/* End PBXVariantGroup section */

/* Begin XCBuildConfiguration section */
		C2726D342B769F8300051626 /* Debug */ = {
			isa = XCBuildConfiguration;
			buildSettings = {
				ALWAYS_SEARCH_USER_PATHS = NO;
				ASSETCATALOG_COMPILER_GENERATE_SWIFT_ASSET_SYMBOL_EXTENSIONS = YES;
				CLANG_ANALYZER_NONNULL = YES;
				CLANG_ANALYZER_NUMBER_OBJECT_CONVERSION = YES_AGGRESSIVE;
				CLANG_CXX_LANGUAGE_STANDARD = "gnu++20";
				CLANG_ENABLE_MODULES = YES;
				CLANG_ENABLE_OBJC_ARC = YES;
				CLANG_ENABLE_OBJC_WEAK = YES;
				CLANG_WARN_BLOCK_CAPTURE_AUTORELEASING = YES;
				CLANG_WARN_BOOL_CONVERSION = YES;
				CLANG_WARN_COMMA = YES;
				CLANG_WARN_CONSTANT_CONVERSION = YES;
				CLANG_WARN_DEPRECATED_OBJC_IMPLEMENTATIONS = YES;
				CLANG_WARN_DIRECT_OBJC_ISA_USAGE = YES_ERROR;
				CLANG_WARN_DOCUMENTATION_COMMENTS = YES;
				CLANG_WARN_EMPTY_BODY = YES;
				CLANG_WARN_ENUM_CONVERSION = YES;
				CLANG_WARN_INFINITE_RECURSION = YES;
				CLANG_WARN_INT_CONVERSION = YES;
				CLANG_WARN_NON_LITERAL_NULL_CONVERSION = YES;
				CLANG_WARN_OBJC_IMPLICIT_RETAIN_SELF = YES;
				CLANG_WARN_OBJC_LITERAL_CONVERSION = YES;
				CLANG_WARN_OBJC_ROOT_CLASS = YES_ERROR;
				CLANG_WARN_QUOTED_INCLUDE_IN_FRAMEWORK_HEADER = YES;
				CLANG_WARN_RANGE_LOOP_ANALYSIS = YES;
				CLANG_WARN_STRICT_PROTOTYPES = YES;
				CLANG_WARN_SUSPICIOUS_MOVE = YES;
				CLANG_WARN_UNGUARDED_AVAILABILITY = YES_AGGRESSIVE;
				CLANG_WARN_UNREACHABLE_CODE = YES;
				CLANG_WARN__DUPLICATE_METHOD_MATCH = YES;
				COPY_PHASE_STRIP = NO;
				DEBUG_INFORMATION_FORMAT = dwarf;
				ENABLE_STRICT_OBJC_MSGSEND = YES;
				ENABLE_TESTABILITY = YES;
				ENABLE_USER_SCRIPT_SANDBOXING = YES;
				GCC_C_LANGUAGE_STANDARD = gnu17;
				GCC_DYNAMIC_NO_PIC = NO;
				GCC_NO_COMMON_BLOCKS = YES;
				GCC_OPTIMIZATION_LEVEL = 0;
				GCC_PREPROCESSOR_DEFINITIONS = (
					"DEBUG=1",
					"$(inherited)",
				);
				GCC_WARN_64_TO_32_BIT_CONVERSION = YES;
				GCC_WARN_ABOUT_RETURN_TYPE = YES_ERROR;
				GCC_WARN_UNDECLARED_SELECTOR = YES;
				GCC_WARN_UNINITIALIZED_AUTOS = YES_AGGRESSIVE;
				GCC_WARN_UNUSED_FUNCTION = YES;
				GCC_WARN_UNUSED_VARIABLE = YES;
				IPHONEOS_DEPLOYMENT_TARGET = 17.2;
				LOCALIZATION_PREFERS_STRING_CATALOGS = YES;
				MTL_ENABLE_DEBUG_INFO = INCLUDE_SOURCE;
				MTL_FAST_MATH = YES;
				ONLY_ACTIVE_ARCH = YES;
				SDKROOT = iphoneos;
				SWIFT_ACTIVE_COMPILATION_CONDITIONS = "DEBUG $(inherited)";
				SWIFT_OPTIMIZATION_LEVEL = "-Onone";
			};
			name = Debug;
		};
		C2726D352B769F8300051626 /* Release */ = {
			isa = XCBuildConfiguration;
			buildSettings = {
				ALWAYS_SEARCH_USER_PATHS = NO;
				ASSETCATALOG_COMPILER_GENERATE_SWIFT_ASSET_SYMBOL_EXTENSIONS = YES;
				CLANG_ANALYZER_NONNULL = YES;
				CLANG_ANALYZER_NUMBER_OBJECT_CONVERSION = YES_AGGRESSIVE;
				CLANG_CXX_LANGUAGE_STANDARD = "gnu++20";
				CLANG_ENABLE_MODULES = YES;
				CLANG_ENABLE_OBJC_ARC = YES;
				CLANG_ENABLE_OBJC_WEAK = YES;
				CLANG_WARN_BLOCK_CAPTURE_AUTORELEASING = YES;
				CLANG_WARN_BOOL_CONVERSION = YES;
				CLANG_WARN_COMMA = YES;
				CLANG_WARN_CONSTANT_CONVERSION = YES;
				CLANG_WARN_DEPRECATED_OBJC_IMPLEMENTATIONS = YES;
				CLANG_WARN_DIRECT_OBJC_ISA_USAGE = YES_ERROR;
				CLANG_WARN_DOCUMENTATION_COMMENTS = YES;
				CLANG_WARN_EMPTY_BODY = YES;
				CLANG_WARN_ENUM_CONVERSION = YES;
				CLANG_WARN_INFINITE_RECURSION = YES;
				CLANG_WARN_INT_CONVERSION = YES;
				CLANG_WARN_NON_LITERAL_NULL_CONVERSION = YES;
				CLANG_WARN_OBJC_IMPLICIT_RETAIN_SELF = YES;
				CLANG_WARN_OBJC_LITERAL_CONVERSION = YES;
				CLANG_WARN_OBJC_ROOT_CLASS = YES_ERROR;
				CLANG_WARN_QUOTED_INCLUDE_IN_FRAMEWORK_HEADER = YES;
				CLANG_WARN_RANGE_LOOP_ANALYSIS = YES;
				CLANG_WARN_STRICT_PROTOTYPES = YES;
				CLANG_WARN_SUSPICIOUS_MOVE = YES;
				CLANG_WARN_UNGUARDED_AVAILABILITY = YES_AGGRESSIVE;
				CLANG_WARN_UNREACHABLE_CODE = YES;
				CLANG_WARN__DUPLICATE_METHOD_MATCH = YES;
				COPY_PHASE_STRIP = NO;
				DEBUG_INFORMATION_FORMAT = "dwarf-with-dsym";
				ENABLE_NS_ASSERTIONS = NO;
				ENABLE_STRICT_OBJC_MSGSEND = YES;
				ENABLE_USER_SCRIPT_SANDBOXING = YES;
				GCC_C_LANGUAGE_STANDARD = gnu17;
				GCC_NO_COMMON_BLOCKS = YES;
				GCC_WARN_64_TO_32_BIT_CONVERSION = YES;
				GCC_WARN_ABOUT_RETURN_TYPE = YES_ERROR;
				GCC_WARN_UNDECLARED_SELECTOR = YES;
				GCC_WARN_UNINITIALIZED_AUTOS = YES_AGGRESSIVE;
				GCC_WARN_UNUSED_FUNCTION = YES;
				GCC_WARN_UNUSED_VARIABLE = YES;
				IPHONEOS_DEPLOYMENT_TARGET = 17.2;
				LOCALIZATION_PREFERS_STRING_CATALOGS = YES;
				MTL_ENABLE_DEBUG_INFO = NO;
				MTL_FAST_MATH = YES;
				SDKROOT = iphoneos;
				SWIFT_COMPILATION_MODE = wholemodule;
				VALIDATE_PRODUCT = YES;
			};
			name = Release;
		};
		C2726D372B769F8300051626 /* Debug */ = {
			isa = XCBuildConfiguration;
			buildSettings = {
				ASSETCATALOG_COMPILER_APPICON_NAME = AppIcon;
				ASSETCATALOG_COMPILER_GLOBAL_ACCENT_COLOR_NAME = AccentColor;
				CODE_SIGN_STYLE = Automatic;
				CURRENT_PROJECT_VERSION = 1;
				DEVELOPMENT_TEAM = 26NJUS4K63;
				GENERATE_INFOPLIST_FILE = YES;
				INFOPLIST_FILE = makeTwet/Info.plist;
				INFOPLIST_KEY_UIApplicationSupportsIndirectInputEvents = YES;
				INFOPLIST_KEY_UILaunchStoryboardName = LaunchScreen;
				INFOPLIST_KEY_UIMainStoryboardFile = Main;
				INFOPLIST_KEY_UISupportedInterfaceOrientations_iPad = "UIInterfaceOrientationPortrait UIInterfaceOrientationPortraitUpsideDown UIInterfaceOrientationLandscapeLeft UIInterfaceOrientationLandscapeRight";
				INFOPLIST_KEY_UISupportedInterfaceOrientations_iPhone = "UIInterfaceOrientationPortrait UIInterfaceOrientationLandscapeLeft UIInterfaceOrientationLandscapeRight";
				IPHONEOS_DEPLOYMENT_TARGET = 16.0;
				LD_RUNPATH_SEARCH_PATHS = (
					"$(inherited)",
					"@executable_path/Frameworks",
				);
				MARKETING_VERSION = 1.0;
				PRODUCT_BUNDLE_IDENTIFIER = prueba2.makeTwet;
				PRODUCT_NAME = "$(TARGET_NAME)";
				SWIFT_EMIT_LOC_STRINGS = YES;
				SWIFT_VERSION = 5.0;
				TARGETED_DEVICE_FAMILY = "1,2";
			};
			name = Debug;
		};
		C2726D382B769F8300051626 /* Release */ = {
			isa = XCBuildConfiguration;
			buildSettings = {
				ASSETCATALOG_COMPILER_APPICON_NAME = AppIcon;
				ASSETCATALOG_COMPILER_GLOBAL_ACCENT_COLOR_NAME = AccentColor;
				CODE_SIGN_STYLE = Automatic;
				CURRENT_PROJECT_VERSION = 1;
				DEVELOPMENT_TEAM = 26NJUS4K63;
				GENERATE_INFOPLIST_FILE = YES;
				INFOPLIST_FILE = makeTwet/Info.plist;
				INFOPLIST_KEY_UIApplicationSupportsIndirectInputEvents = YES;
				INFOPLIST_KEY_UILaunchStoryboardName = LaunchScreen;
				INFOPLIST_KEY_UIMainStoryboardFile = Main;
				INFOPLIST_KEY_UISupportedInterfaceOrientations_iPad = "UIInterfaceOrientationPortrait UIInterfaceOrientationPortraitUpsideDown UIInterfaceOrientationLandscapeLeft UIInterfaceOrientationLandscapeRight";
				INFOPLIST_KEY_UISupportedInterfaceOrientations_iPhone = "UIInterfaceOrientationPortrait UIInterfaceOrientationLandscapeLeft UIInterfaceOrientationLandscapeRight";
				IPHONEOS_DEPLOYMENT_TARGET = 16.0;
				LD_RUNPATH_SEARCH_PATHS = (
					"$(inherited)",
					"@executable_path/Frameworks",
				);
				MARKETING_VERSION = 1.0;
				PRODUCT_BUNDLE_IDENTIFIER = prueba2.makeTwet;
				PRODUCT_NAME = "$(TARGET_NAME)";
				SWIFT_EMIT_LOC_STRINGS = YES;
				SWIFT_VERSION = 5.0;
				TARGETED_DEVICE_FAMILY = "1,2";
			};
			name = Release;
		};
		C2726D3A2B769F8300051626 /* Debug */ = {
			isa = XCBuildConfiguration;
			buildSettings = {
				ALWAYS_EMBED_SWIFT_STANDARD_LIBRARIES = YES;
				BUNDLE_LOADER = "$(TEST_HOST)";
				CODE_SIGN_STYLE = Automatic;
				CURRENT_PROJECT_VERSION = 1;
				DEVELOPMENT_TEAM = 26NJUS4K63;
				GENERATE_INFOPLIST_FILE = YES;
				IPHONEOS_DEPLOYMENT_TARGET = 17.2;
				MARKETING_VERSION = 1.0;
				PRODUCT_BUNDLE_IDENTIFIER = prueba2.makeTwetTests;
				PRODUCT_NAME = "$(TARGET_NAME)";
				SWIFT_EMIT_LOC_STRINGS = NO;
				SWIFT_VERSION = 5.0;
				TARGETED_DEVICE_FAMILY = "1,2";
				TEST_HOST = "$(BUILT_PRODUCTS_DIR)/makeTwet.app/$(BUNDLE_EXECUTABLE_FOLDER_PATH)/makeTwet";
			};
			name = Debug;
		};
		C2726D3B2B769F8300051626 /* Release */ = {
			isa = XCBuildConfiguration;
			buildSettings = {
				ALWAYS_EMBED_SWIFT_STANDARD_LIBRARIES = YES;
				BUNDLE_LOADER = "$(TEST_HOST)";
				CODE_SIGN_STYLE = Automatic;
				CURRENT_PROJECT_VERSION = 1;
				DEVELOPMENT_TEAM = 26NJUS4K63;
				GENERATE_INFOPLIST_FILE = YES;
				IPHONEOS_DEPLOYMENT_TARGET = 17.2;
				MARKETING_VERSION = 1.0;
				PRODUCT_BUNDLE_IDENTIFIER = prueba2.makeTwetTests;
				PRODUCT_NAME = "$(TARGET_NAME)";
				SWIFT_EMIT_LOC_STRINGS = NO;
				SWIFT_VERSION = 5.0;
				TARGETED_DEVICE_FAMILY = "1,2";
				TEST_HOST = "$(BUILT_PRODUCTS_DIR)/makeTwet.app/$(BUNDLE_EXECUTABLE_FOLDER_PATH)/makeTwet";
			};
			name = Release;
		};
		C2726D3D2B769F8300051626 /* Debug */ = {
			isa = XCBuildConfiguration;
			buildSettings = {
				ALWAYS_EMBED_SWIFT_STANDARD_LIBRARIES = YES;
				CODE_SIGN_STYLE = Automatic;
				CURRENT_PROJECT_VERSION = 1;
				DEVELOPMENT_TEAM = 26NJUS4K63;
				GENERATE_INFOPLIST_FILE = YES;
				MARKETING_VERSION = 1.0;
				PRODUCT_BUNDLE_IDENTIFIER = prueba2.makeTwetUITests;
				PRODUCT_NAME = "$(TARGET_NAME)";
				SWIFT_EMIT_LOC_STRINGS = NO;
				SWIFT_VERSION = 5.0;
				TARGETED_DEVICE_FAMILY = "1,2";
				TEST_TARGET_NAME = makeTwet;
			};
			name = Debug;
		};
		C2726D3E2B769F8300051626 /* Release */ = {
			isa = XCBuildConfiguration;
			buildSettings = {
				ALWAYS_EMBED_SWIFT_STANDARD_LIBRARIES = YES;
				CODE_SIGN_STYLE = Automatic;
				CURRENT_PROJECT_VERSION = 1;
				DEVELOPMENT_TEAM = 26NJUS4K63;
				GENERATE_INFOPLIST_FILE = YES;
				MARKETING_VERSION = 1.0;
				PRODUCT_BUNDLE_IDENTIFIER = prueba2.makeTwetUITests;
				PRODUCT_NAME = "$(TARGET_NAME)";
				SWIFT_EMIT_LOC_STRINGS = NO;
				SWIFT_VERSION = 5.0;
				TARGETED_DEVICE_FAMILY = "1,2";
				TEST_TARGET_NAME = makeTwet;
			};
			name = Release;
		};
/* End XCBuildConfiguration section */

/* Begin XCConfigurationList section */
		C2726D072B769F8100051626 /* Build configuration list for PBXProject "makeTwet" */ = {
			isa = XCConfigurationList;
			buildConfigurations = (
				C2726D342B769F8300051626 /* Debug */,
				C2726D352B769F8300051626 /* Release */,
			);
			defaultConfigurationIsVisible = 0;
			defaultConfigurationName = Release;
		};
		C2726D362B769F8300051626 /* Build configuration list for PBXNativeTarget "makeTwet" */ = {
			isa = XCConfigurationList;
			buildConfigurations = (
				C2726D372B769F8300051626 /* Debug */,
				C2726D382B769F8300051626 /* Release */,
			);
			defaultConfigurationIsVisible = 0;
			defaultConfigurationName = Release;
		};
		C2726D392B769F8300051626 /* Build configuration list for PBXNativeTarget "makeTwetTests" */ = {
			isa = XCConfigurationList;
			buildConfigurations = (
				C2726D3A2B769F8300051626 /* Debug */,
				C2726D3B2B769F8300051626 /* Release */,
			);
			defaultConfigurationIsVisible = 0;
			defaultConfigurationName = Release;
		};
		C2726D3C2B769F8300051626 /* Build configuration list for PBXNativeTarget "makeTwetUITests" */ = {
			isa = XCConfigurationList;
			buildConfigurations = (
				C2726D3D2B769F8300051626 /* Debug */,
				C2726D3E2B769F8300051626 /* Release */,
			);
			defaultConfigurationIsVisible = 0;
			defaultConfigurationName = Release;
		};
/* End XCConfigurationList section */

/* Begin XCRemoteSwiftPackageReference section */
		C2726D482B76B51000051626 /* XCRemoteSwiftPackageReference "NotificationBanner" */ = {
			isa = XCRemoteSwiftPackageReference;
			repositoryURL = "https://github.com/Daltron/NotificationBanner.git";
			requirement = {
				kind = upToNextMajorVersion;
				minimumVersion = 3.2.1;
			};
		};
		C2A3215D2B76C88900AC80C4 /* XCRemoteSwiftPackageReference "Alamofire" */ = {
			isa = XCRemoteSwiftPackageReference;
			repositoryURL = "https://github.com/Alamofire/Alamofire.git";
			requirement = {
				kind = upToNextMajorVersion;
				minimumVersion = 5.8.1;
			};
		};
		C2A3216A2B76DDC100AC80C4 /* XCRemoteSwiftPackageReference "simple-networking" */ = {
			isa = XCRemoteSwiftPackageReference;
			repositoryURL = "https://github.com/mejiagarcia/simple-networking.git";
			requirement = {
				kind = upToNextMajorVersion;
				minimumVersion = 0.3.9;
			};
		};
		C2A3216D2B76E0B800AC80C4 /* XCRemoteSwiftPackageReference "SVProgressHUD" */ = {
			isa = XCRemoteSwiftPackageReference;
			repositoryURL = "https://github.com/SVProgressHUD/SVProgressHUD.git";
			requirement = {
				kind = upToNextMajorVersion;
				minimumVersion = 2.3.1;
			};
		};
		C2A3217A2B78512A00AC80C4 /* XCRemoteSwiftPackageReference "Kingfisher" */ = {
			isa = XCRemoteSwiftPackageReference;
			repositoryURL = "https://github.com/onevcat/Kingfisher.git";
			requirement = {
				kind = upToNextMajorVersion;
				minimumVersion = 7.10.2;
			};
		};
/* End XCRemoteSwiftPackageReference section */

/* Begin XCSwiftPackageProductDependency section */
		C2726D492B76B51000051626 /* NotificationBannerSwift */ = {
			isa = XCSwiftPackageProductDependency;
			package = C2726D482B76B51000051626 /* XCRemoteSwiftPackageReference "NotificationBanner" */;
			productName = NotificationBannerSwift;
		};
		C2A3215E2B76C88900AC80C4 /* Alamofire */ = {
			isa = XCSwiftPackageProductDependency;
			package = C2A3215D2B76C88900AC80C4 /* XCRemoteSwiftPackageReference "Alamofire" */;
			productName = Alamofire;
		};
		C2A3216B2B76DDC100AC80C4 /* Simple-Networking */ = {
			isa = XCSwiftPackageProductDependency;
			package = C2A3216A2B76DDC100AC80C4 /* XCRemoteSwiftPackageReference "simple-networking" */;
			productName = "Simple-Networking";
		};
		C2A3216E2B76E0B800AC80C4 /* SVProgressHUD */ = {
			isa = XCSwiftPackageProductDependency;
			package = C2A3216D2B76E0B800AC80C4 /* XCRemoteSwiftPackageReference "SVProgressHUD" */;
			productName = SVProgressHUD;
		};
		C2A3217B2B78512A00AC80C4 /* Kingfisher */ = {
			isa = XCSwiftPackageProductDependency;
			package = C2A3217A2B78512A00AC80C4 /* XCRemoteSwiftPackageReference "Kingfisher" */;
			productName = Kingfisher;
		};
/* End XCSwiftPackageProductDependency section */
	};
	rootObject = C2726D042B769F8100051626 /* Project object */;
}
